
Microsoft Visual Studio Solution File, Format Version 12.00
# Visual Studio Version 16
VisualStudioVersion = 16.0.31005.135
MinimumVisualStudioVersion = 10.0.40219.1
Project("{FAE04EC0-301F-11D3-BF4B-00C04F79EFBC}") = "1", "1\1.csproj", "{F42594CC-32D7-45FD-B49F-C33DA6C0E12A}"
EndProject
Global
	GlobalSection(SolutionConfigurationPlatforms) = preSolution
		Debug|Any CPU = Debug|Any CPU
		Release|Any CPU = Release|Any CPU
	EndGlobalSection
	GlobalSection(ProjectConfigurationPlatforms) = postSolution
		{F42594CC-32D7-45FD-B49F-C33DA6C0E12A}.Debug|Any CPU.ActiveCfg = Debug|Any CPU
		{F42594CC-32D7-45FD-B49F-C33DA6C0E12A}.Debug|Any CPU.Build.0 = Debug|Any CPU
		{F42594CC-32D7-45FD-B49F-C33DA6C0E12A}.Release|Any CPU.ActiveCfg = Release|Any CPU
		{F42594CC-32D7-45FD-B49F-C33DA6C0E12A}.Release|Any CPU.Build.0 = Release|Any CPU
	EndGlobalSection
	GlobalSection(SolutionProperties) = preSolution
		HideSolutionNode = FALSE
	EndGlobalSection
	GlobalSection(ExtensibilityGlobals) = postSolution
		SolutionGuid = {5CA31034-2FB9-466B-B9E3-951350030B4D}
	EndGlobalSection
EndGlobal
